{
  "requires": true,
  "lockfileVersion": 1,
  "dependencies": {
    "svelte-clipboard": {
      "version": "0.0.2",
      "resolved": "https://registry.npmjs.org/svelte-clipboard/-/svelte-clipboard-0.0.2.tgz",
      "integrity": "sha512-36H9KpTAwfM/sBlJaH3GiMT1D4z4hujxsZYsblTz8SHGbpj7EHCjocg1RlReZoyTxbaJXlMIkp37BJjYWqWozw=="
    }
  }
}
